
Microsoft Visual Studio Solution File, Format Version 12.00
# Visual Studio Version 17
VisualStudioVersion = 17.14.36908.2
MinimumVisualStudioVersion = 10.0.40219.1
Project("{FAE04EC0-301F-11D3-BF4B-00C04F79EFBC}") = "TMPC", "TMPC\TMPC.csproj", "{20A0C95D-F90F-4B95-A1CF-3C1053B3C467}"
EndProject
Project("{FAE04EC0-301F-11D3-BF4B-00C04F79EFBC}") = "Client", "Client\Client.csproj", "{FD819EAD-A55B-4812-AC25-39A87D655F5E}"
EndProject
Project("{FAE04EC0-301F-11D3-BF4B-00C04F79EFBC}") = "Server", "Server\Server.csproj", "{E9A0B860-3091-491C-BDCC-39C3245CF153}"
EndProject
Global
	GlobalSection(SolutionConfigurationPlatforms) = preSolution
		Debug|Any CPU = Debug|Any CPU
		Release|Any CPU = Release|Any CPU
	EndGlobalSection
	GlobalSection(ProjectConfigurationPlatforms) = postSolution
		{20A0C95D-F90F-4B95-A1CF-3C1053B3C467}.Debug|Any CPU.ActiveCfg = Debug|Any CPU
		{20A0C95D-F90F-4B95-A1CF-3C1053B3C467}.Debug|Any CPU.Build.0 = Debug|Any CPU
		{20A0C95D-F90F-4B95-A1CF-3C1053B3C467}.Release|Any CPU.ActiveCfg = Release|Any CPU
		{20A0C95D-F90F-4B95-A1CF-3C1053B3C467}.Release|Any CPU.Build.0 = Release|Any CPU
		{FD819EAD-A55B-4812-AC25-39A87D655F5E}.Debug|Any CPU.ActiveCfg = Debug|Any CPU
		{FD819EAD-A55B-4812-AC25-39A87D655F5E}.Debug|Any CPU.Build.0 = Debug|Any CPU
		{FD819EAD-A55B-4812-AC25-39A87D655F5E}.Release|Any CPU.ActiveCfg = Release|Any CPU
		{FD819EAD-A55B-4812-AC25-39A87D655F5E}.Release|Any CPU.Build.0 = Release|Any CPU
		{E9A0B860-3091-491C-BDCC-39C3245CF153}.Debug|Any CPU.ActiveCfg = Debug|Any CPU
		{E9A0B860-3091-491C-BDCC-39C3245CF153}.Debug|Any CPU.Build.0 = Debug|Any CPU
		{E9A0B860-3091-491C-BDCC-39C3245CF153}.Release|Any CPU.ActiveCfg = Release|Any CPU
		{E9A0B860-3091-491C-BDCC-39C3245CF153}.Release|Any CPU.Build.0 = Release|Any CPU
	EndGlobalSection
	GlobalSection(SolutionProperties) = preSolution
		HideSolutionNode = FALSE
	EndGlobalSection
	GlobalSection(ExtensibilityGlobals) = postSolution
		SolutionGuid = {C09E419F-4DE0-4816-BA16-9EAFE4EBC6C7}
	EndGlobalSection
EndGlobal
